
Microsoft Visual Studio Solution File, Format Version 12.00
# Visual Studio Version 16
VisualStudioVersion = 16.0.31605.320
MinimumVisualStudioVersion = 10.0.40219.1
Project("{FAE04EC0-301F-11D3-BF4B-00C04F79EFBC}") = "DevTest1", "DevTest1\DevTest1.csproj", "{98E2EAA3-61C3-4D46-A3C5-D83C126BA6D3}"
EndProject
Global
	GlobalSection(SolutionConfigurationPlatforms) = preSolution
		Debug|Any CPU = Debug|Any CPU
		Release|Any CPU = Release|Any CPU
	EndGlobalSection
	GlobalSection(ProjectConfigurationPlatforms) = postSolution
		{98E2EAA3-61C3-4D46-A3C5-D83C126BA6D3}.Debug|Any CPU.ActiveCfg = Debug|Any CPU
		{98E2EAA3-61C3-4D46-A3C5-D83C126BA6D3}.Debug|Any CPU.Build.0 = Debug|Any CPU
		{98E2EAA3-61C3-4D46-A3C5-D83C126BA6D3}.Release|Any CPU.ActiveCfg = Release|Any CPU
		{98E2EAA3-61C3-4D46-A3C5-D83C126BA6D3}.Release|Any CPU.Build.0 = Release|Any CPU
	EndGlobalSection
	GlobalSection(SolutionProperties) = preSolution
		HideSolutionNode = FALSE
	EndGlobalSection
	GlobalSection(ExtensibilityGlobals) = postSolution
		SolutionGuid = {FB89D4CD-27C1-4DB0-9BDA-3F316B6DF0AF}
	EndGlobalSection
EndGlobal
